// !$*UTF8*$!
{
	archiveVersion = 1;
	classes = {
	};
	objectVersion = 77;
	objects = {

/* Begin PBXBuildFile section */
		039BBA992E02BFCA003610BA /* MyAwesomeSDK.xcframework in Frameworks */ = {isa = PBXBuildFile; fileRef = 039BBA982E02BFCA003610BA /* MyAwesomeSDK.xcframework */; };
		039BBA9A2E02BFCA003610BA /* MyAwesomeSDK.xcframework in Embed Frameworks */ = {isa = PBXBuildFile; fileRef = 039BBA982E02BFCA003610BA /* MyAwesomeSDK.xcframework */; settings = {ATTRIBUTES = (CodeSignOnCopy, RemoveHeadersOnCopy, ); }; };
/* End PBXBuildFile section */

/* Begin PBXContainerItemProxy section */
		039BBA652E02A237003610BA /* PBXContainerItemProxy */ = {
			isa = PBXContainerItemProxy;
			containerPortal = 039BBA4F2E02A235003610BA /* Project object */;
			proxyType = 1;
			remoteGlobalIDString = 039BBA562E02A235003610BA;
			remoteInfo = MyConsumerApp;
		};
		039BBA6F2E02A237003610BA /* PBXContainerItemProxy */ = {
			isa = PBXContainerItemProxy;
			containerPortal = 039BBA4F2E02A235003610BA /* Project object */;
			proxyType = 1;
			remoteGlobalIDString = 039BBA562E02A235003610BA;
			remoteInfo = MyConsumerApp;
		};
/* End PBXContainerItemProxy section */

/* Begin PBXCopyFilesBuildPhase section */
		039BBA852E02A34F003610BA /* Embed Frameworks */ = {
			isa = PBXCopyFilesBuildPhase;
			buildActionMask = 2147483647;
			dstPath = "";
			dstSubfolderSpec = 10;
			files = (
				039BBA9A2E02BFCA003610BA /* MyAwesomeSDK.xcframework in Embed Frameworks */,
			);
			name = "Embed Frameworks";
			runOnlyForDeploymentPostprocessing = 0;
		};
/* End PBXCopyFilesBuildPhase section */

/* Begin PBXFileReference section */
		039BBA572E02A235003610BA /* MyConsumerApp.app */ = {isa = PBXFileReference; explicitFileType = wrapper.application; includeInIndex = 0; path = MyConsumerApp.app; sourceTree = BUILT_PRODUCTS_DIR; };
		039BBA642E02A237003610BA /* MyConsumerAppTests.xctest */ = {isa = PBXFileReference; explicitFileType = wrapper.cfbundle; includeInIndex = 0; path = MyConsumerAppTests.xctest; sourceTree = BUILT_PRODUCTS_DIR; };
		039BBA6E2E02A237003610BA /* MyConsumerAppUITests.xctest */ = {isa = PBXFileReference; explicitFileType = wrapper.cfbundle; includeInIndex = 0; path = MyConsumerAppUITests.xctest; sourceTree = BUILT_PRODUCTS_DIR; };
		039BBA982E02BFCA003610BA /* MyAwesomeSDK.xcframework */ = {isa = PBXFileReference; lastKnownFileType = wrapper.xcframework; name = MyAwesomeSDK.xcframework; path = ../MyAwesomeSDK/build/MyAwesomeSDK.xcframework; sourceTree = "<group>"; };
/* End PBXFileReference section */

/* Begin PBXFileSystemSynchronizedRootGroup section */
		039BBA592E02A235003610BA /* MyConsumerApp */ = {
			isa = PBXFileSystemSynchronizedRootGroup;
			path = MyConsumerApp;
			sourceTree = "<group>";
		};
		039BBA672E02A237003610BA /* MyConsumerAppTests */ = {
			isa = PBXFileSystemSynchronizedRootGroup;
			path = MyConsumerAppTests;
			sourceTree = "<group>";
		};
		039BBA712E02A237003610BA /* MyConsumerAppUITests */ = {
			isa = PBXFileSystemSynchronizedRootGroup;
			path = MyConsumerAppUITests;
			sourceTree = "<group>";
		};
/* End PBXFileSystemSynchronizedRootGroup section */

/* Begin PBXFrameworksBuildPhase section */
		039BBA542E02A235003610BA /* Frameworks */ = {
			isa = PBXFrameworksBuildPhase;
			buildActionMask = 2147483647;
			files = (
				039BBA992E02BFCA003610BA /* MyAwesomeSDK.xcframework in Frameworks */,
			);
			runOnlyForDeploymentPostprocessing = 0;
		};
		039BBA612E02A237003610BA /* Frameworks */ = {
			isa = PBXFrameworksBuildPhase;
			buildActionMask = 2147483647;
			files = (
			);
			runOnlyForDeploymentPostprocessing = 0;
		};
		039BBA6B2E02A237003610BA /* Frameworks */ = {
			isa = PBXFrameworksBuildPhase;
			buildActionMask = 2147483647;
			files = (
			);
			runOnlyForDeploymentPostprocessing = 0;
		};
/* End PBXFrameworksBuildPhase section */

/* Begin PBXGroup section */
		039BBA4E2E02A235003610BA = {
			isa = PBXGroup;
			children = (
				039BBA592E02A235003610BA /* MyConsumerApp */,
				039BBA672E02A237003610BA /* MyConsumerAppTests */,
				039BBA712E02A237003610BA /* MyConsumerAppUITests */,
				039BBA972E02BFCA003610BA /* Frameworks */,
				039BBA582E02A235003610BA /* Products */,
			);
			sourceTree = "<group>";
		};
		039BBA582E02A235003610BA /* Products */ = {
			isa = PBXGroup;
			children = (
				039BBA572E02A235003610BA /* MyConsumerApp.app */,
				039BBA642E02A237003610BA /* MyConsumerAppTests.xctest */,
				039BBA6E2E02A237003610BA /* MyConsumerAppUITests.xctest */,
			);
			name = Products;
			sourceTree = "<group>";
		};
		039BBA972E02BFCA003610BA /* Frameworks */ = {
			isa = PBXGroup;
			children = (
				039BBA982E02BFCA003610BA /* MyAwesomeSDK.xcframework */,
			);
			name = Frameworks;
			sourceTree = "<group>";
		};
/* End PBXGroup section */

/* Begin PBXNativeTarget section */
		039BBA562E02A235003610BA /* MyConsumerApp */ = {
			isa = PBXNativeTarget;
			buildConfigurationList = 039BBA782E02A237003610BA /* Build configuration list for PBXNativeTarget "MyConsumerApp" */;
			buildPhases = (
				039BBA532E02A235003610BA /* Sources */,
				039BBA542E02A235003610BA /* Frameworks */,
				039BBA552E02A235003610BA /* Resources */,
				039BBA852E02A34F003610BA /* Embed Frameworks */,
			);
			buildRules = (
			);
			dependencies = (
			);
			fileSystemSynchronizedGroups = (
				039BBA592E02A235003610BA /* MyConsumerApp */,
			);
			name = MyConsumerApp;
			packageProductDependencies = (
			);
			productName = MyConsumerApp;
			productReference = 039BBA572E02A235003610BA /* MyConsumerApp.app */;
			productType = "com.apple.product-type.application";
		};
		039BBA632E02A237003610BA /* MyConsumerAppTests */ = {
			isa = PBXNativeTarget;
			buildConfigurationList = 039BBA7B2E02A237003610BA /* Build configuration list for PBXNativeTarget "MyConsumerAppTests" */;
			buildPhases = (
				039BBA602E02A237003610BA /* Sources */,
				039BBA612E02A237003610BA /* Frameworks */,
				039BBA622E02A237003610BA /* Resources */,
			);
			buildRules = (
			);
			dependencies = (
				039BBA662E02A237003610BA /* PBXTargetDependency */,
			);
			fileSystemSynchronizedGroups = (
				039BBA672E02A237003610BA /* MyConsumerAppTests */,
			);
			name = MyConsumerAppTests;
			packageProductDependencies = (
			);
			productName = MyConsumerAppTests;
			productReference = 039BBA642E02A237003610BA /* MyConsumerAppTests.xctest */;
			productType = "com.apple.product-type.bundle.unit-test";
		};
		039BBA6D2E02A237003610BA /* MyConsumerAppUITests */ = {
			isa = PBXNativeTarget;
			buildConfigurationList = 039BBA7E2E02A237003610BA /* Build configuration list for PBXNativeTarget "MyConsumerAppUITests" */;
			buildPhases = (
				039BBA6A2E02A237003610BA /* Sources */,
				039BBA6B2E02A237003610BA /* Frameworks */,
				039BBA6C2E02A237003610BA /* Resources */,
			);
			buildRules = (
			);
			dependencies = (
				039BBA702E02A237003610BA /* PBXTargetDependency */,
			);
			fileSystemSynchronizedGroups = (
				039BBA712E02A237003610BA /* MyConsumerAppUITests */,
			);
			name = MyConsumerAppUITests;
			packageProductDependencies = (
			);
			productName = MyConsumerAppUITests;
			productReference = 039BBA6E2E02A237003610BA /* MyConsumerAppUITests.xctest */;
			productType = "com.apple.product-type.bundle.ui-testing";
		};
/* End PBXNativeTarget section */

/* Begin PBXProject section */
		039BBA4F2E02A235003610BA /* Project object */ = {
			isa = PBXProject;
			attributes = {
				BuildIndependentTargetsInParallel = 1;
				LastSwiftUpdateCheck = 1640;
				LastUpgradeCheck = 1640;
				TargetAttributes = {
					039BBA562E02A235003610BA = {
						CreatedOnToolsVersion = 16.4;
					};
					039BBA632E02A237003610BA = {
						CreatedOnToolsVersion = 16.4;
						TestTargetID = 039BBA562E02A235003610BA;
					};
					039BBA6D2E02A237003610BA = {
						CreatedOnToolsVersion = 16.4;
						TestTargetID = 039BBA562E02A235003610BA;
					};
				};
			};
			buildConfigurationList = 039BBA522E02A235003610BA /* Build configuration list for PBXProject "MyConsumerApp" */;
			developmentRegion = en;
			hasScannedForEncodings = 0;
			knownRegions = (
				en,
				Base,
			);
			mainGroup = 039BBA4E2E02A235003610BA;
			minimizedProjectReferenceProxies = 1;
			preferredProjectObjectVersion = 77;
			productRefGroup = 039BBA582E02A235003610BA /* Products */;
			projectDirPath = "";
			projectRoot = "";
			targets = (
				039BBA562E02A235003610BA /* MyConsumerApp */,
				039BBA632E02A237003610BA /* MyConsumerAppTests */,
				039BBA6D2E02A237003610BA /* MyConsumerAppUITests */,
			);
		};
/* End PBXProject section */

/* Begin PBXResourcesBuildPhase section */
		039BBA552E02A235003610BA /* Resources */ = {
			isa = PBXResourcesBuildPhase;
			buildActionMask = 2147483647;
			files = (
			);
			runOnlyForDeploymentPostprocessing = 0;
		};
		039BBA622E02A237003610BA /* Resources */ = {
			isa = PBXResourcesBuildPhase;
			buildActionMask = 2147483647;
			files = (
			);
			runOnlyForDeploymentPostprocessing = 0;
		};
		039BBA6C2E02A237003610BA /* Resources */ = {
			isa = PBXResourcesBuildPhase;
			buildActionMask = 2147483647;
			files = (
			);
			runOnlyForDeploymentPostprocessing = 0;
		};
/* End PBXResourcesBuildPhase section */

/* Begin PBXSourcesBuildPhase section */
		039BBA532E02A235003610BA /* Sources */ = {
			isa = PBXSourcesBuildPhase;
			buildActionMask = 2147483647;
			files = (
			);
			runOnlyForDeploymentPostprocessing = 0;
		};
		039BBA602E02A237003610BA /* Sources */ = {
			isa = PBXSourcesBuildPhase;
			buildActionMask = 2147483647;
			files = (
			);
			runOnlyForDeploymentPostprocessing = 0;
		};
		039BBA6A2E02A237003610BA /* Sources */ = {
			isa = PBXSourcesBuildPhase;
			buildActionMask = 2147483647;
			files = (
			);
			runOnlyForDeploymentPostprocessing = 0;
		};
/* End PBXSourcesBuildPhase section */

/* Begin PBXTargetDependency section */
		039BBA662E02A237003610BA /* PBXTargetDependency */ = {
			isa = PBXTargetDependency;
			target = 039BBA562E02A235003610BA /* MyConsumerApp */;
			targetProxy = 039BBA652E02A237003610BA /* PBXContainerItemProxy */;
		};
		039BBA702E02A237003610BA /* PBXTargetDependency */ = {
			isa = PBXTargetDependency;
			target = 039BBA562E02A235003610BA /* MyConsumerApp */;
			targetProxy = 039BBA6F2E02A237003610BA /* PBXContainerItemProxy */;
		};
/* End PBXTargetDependency section */

/* Begin XCBuildConfiguration section */
		039BBA762E02A237003610BA /* Debug */ = {
			isa = XCBuildConfiguration;
			buildSettings = {
				ALWAYS_SEARCH_USER_PATHS = NO;
				ASSETCATALOG_COMPILER_GENERATE_SWIFT_ASSET_SYMBOL_EXTENSIONS = YES;
				CLANG_ANALYZER_NONNULL = YES;
				CLANG_ANALYZER_NUMBER_OBJECT_CONVERSION = YES_AGGRESSIVE;
				CLANG_CXX_LANGUAGE_STANDARD = "gnu++20";
				CLANG_ENABLE_MODULES = YES;
				CLANG_ENABLE_OBJC_ARC = YES;
				CLANG_ENABLE_OBJC_WEAK = YES;
				CLANG_WARN_BLOCK_CAPTURE_AUTORELEASING = YES;
				CLANG_WARN_BOOL_CONVERSION = YES;
				CLANG_WARN_COMMA = YES;
				CLANG_WARN_CONSTANT_CONVERSION = YES;
				CLANG_WARN_DEPRECATED_OBJC_IMPLEMENTATIONS = YES;
				CLANG_WARN_DIRECT_OBJC_ISA_USAGE = YES_ERROR;
				CLANG_WARN_DOCUMENTATION_COMMENTS = YES;
				CLANG_WARN_EMPTY_BODY = YES;
				CLANG_WARN_ENUM_CONVERSION = YES;
				CLANG_WARN_INFINITE_RECURSION = YES;
				CLANG_WARN_INT_CONVERSION = YES;
				CLANG_WARN_NON_LITERAL_NULL_CONVERSION = YES;
				CLANG_WARN_OBJC_IMPLICIT_RETAIN_SELF = YES;
				CLANG_WARN_OBJC_LITERAL_CONVERSION = YES;
				CLANG_WARN_OBJC_ROOT_CLASS = YES_ERROR;
				CLANG_WARN_QUOTED_INCLUDE_IN_FRAMEWORK_HEADER = YES;
				CLANG_WARN_RANGE_LOOP_ANALYSIS = YES;
				CLANG_WARN_STRICT_PROTOTYPES = YES;
				CLANG_WARN_SUSPICIOUS_MOVE = YES;
				CLANG_WARN_UNGUARDED_AVAILABILITY = YES_AGGRESSIVE;
				CLANG_WARN_UNREACHABLE_CODE = YES;
				CLANG_WARN__DUPLICATE_METHOD_MATCH = YES;
				COPY_PHASE_STRIP = NO;
				DEBUG_INFORMATION_FORMAT = dwarf;
				ENABLE_STRICT_OBJC_MSGSEND = YES;
				ENABLE_TESTABILITY = YES;
				ENABLE_USER_SCRIPT_SANDBOXING = YES;
				GCC_C_LANGUAGE_STANDARD = gnu17;
				GCC_DYNAMIC_NO_PIC = NO;
				GCC_NO_COMMON_BLOCKS = YES;
				GCC_OPTIMIZATION_LEVEL = 0;
				GCC_PREPROCESSOR_DEFINITIONS = (
					"DEBUG=1",
					"$(inherited)",
				);
				GCC_WARN_64_TO_32_BIT_CONVERSION = YES;
				GCC_WARN_ABOUT_RETURN_TYPE = YES_ERROR;
				GCC_WARN_UNDECLARED_SELECTOR = YES;
				GCC_WARN_UNINITIALIZED_AUTOS = YES_AGGRESSIVE;
				GCC_WARN_UNUSED_FUNCTION = YES;
				GCC_WARN_UNUSED_VARIABLE = YES;
				IPHONEOS_DEPLOYMENT_TARGET = 18.5;
				LOCALIZATION_PREFERS_STRING_CATALOGS = YES;
				MTL_ENABLE_DEBUG_INFO = INCLUDE_SOURCE;
				MTL_FAST_MATH = YES;
				ONLY_ACTIVE_ARCH = YES;
				SDKROOT = iphoneos;
				SWIFT_ACTIVE_COMPILATION_CONDITIONS = "DEBUG $(inherited)";
				SWIFT_OPTIMIZATION_LEVEL = "-Onone";
			};
			name = Debug;
		};
		039BBA772E02A237003610BA /* Release */ = {
			isa = XCBuildConfiguration;
			buildSettings = {
				ALWAYS_SEARCH_USER_PATHS = NO;
				ASSETCATALOG_COMPILER_GENERATE_SWIFT_ASSET_SYMBOL_EXTENSIONS = YES;
				CLANG_ANALYZER_NONNULL = YES;
				CLANG_ANALYZER_NUMBER_OBJECT_CONVERSION = YES_AGGRESSIVE;
				CLANG_CXX_LANGUAGE_STANDARD = "gnu++20";
				CLANG_ENABLE_MODULES = YES;
				CLANG_ENABLE_OBJC_ARC = YES;
				CLANG_ENABLE_OBJC_WEAK = YES;
				CLANG_WARN_BLOCK_CAPTURE_AUTORELEASING = YES;
				CLANG_WARN_BOOL_CONVERSION = YES;
				CLANG_WARN_COMMA = YES;
				CLANG_WARN_CONSTANT_CONVERSION = YES;
				CLANG_WARN_DEPRECATED_OBJC_IMPLEMENTATIONS = YES;
				CLANG_WARN_DIRECT_OBJC_ISA_USAGE = YES_ERROR;
				CLANG_WARN_DOCUMENTATION_COMMENTS = YES;
				CLANG_WARN_EMPTY_BODY = YES;
				CLANG_WARN_ENUM_CONVERSION = YES;
				CLANG_WARN_INFINITE_RECURSION = YES;
				CLANG_WARN_INT_CONVERSION = YES;
				CLANG_WARN_NON_LITERAL_NULL_CONVERSION = YES;
				CLANG_WARN_OBJC_IMPLICIT_RETAIN_SELF = YES;
				CLANG_WARN_OBJC_LITERAL_CONVERSION = YES;
				CLANG_WARN_OBJC_ROOT_CLASS = YES_ERROR;
				CLANG_WARN_QUOTED_INCLUDE_IN_FRAMEWORK_HEADER = YES;
				CLANG_WARN_RANGE_LOOP_ANALYSIS = YES;
				CLANG_WARN_STRICT_PROTOTYPES = YES;
				CLANG_WARN_SUSPICIOUS_MOVE = YES;
				CLANG_WARN_UNGUARDED_AVAILABILITY = YES_AGGRESSIVE;
				CLANG_WARN_UNREACHABLE_CODE = YES;
				CLANG_WARN__DUPLICATE_METHOD_MATCH = YES;
				COPY_PHASE_STRIP = NO;
				DEBUG_INFORMATION_FORMAT = "dwarf-with-dsym";
				ENABLE_NS_ASSERTIONS = NO;
				ENABLE_STRICT_OBJC_MSGSEND = YES;
				ENABLE_USER_SCRIPT_SANDBOXING = YES;
				GCC_C_LANGUAGE_STANDARD = gnu17;
				GCC_NO_COMMON_BLOCKS = YES;
				GCC_WARN_64_TO_32_BIT_CONVERSION = YES;
				GCC_WARN_ABOUT_RETURN_TYPE = YES_ERROR;
				GCC_WARN_UNDECLARED_SELECTOR = YES;
				GCC_WARN_UNINITIALIZED_AUTOS = YES_AGGRESSIVE;
				GCC_WARN_UNUSED_FUNCTION = YES;
				GCC_WARN_UNUSED_VARIABLE = YES;
				IPHONEOS_DEPLOYMENT_TARGET = 18.5;
				LOCALIZATION_PREFERS_STRING_CATALOGS = YES;
				MTL_ENABLE_DEBUG_INFO = NO;
				MTL_FAST_MATH = YES;
				SDKROOT = iphoneos;
				SWIFT_COMPILATION_MODE = wholemodule;
				VALIDATE_PRODUCT = YES;
			};
			name = Release;
		};
		039BBA792E02A237003610BA /* Debug */ = {
			isa = XCBuildConfiguration;
			buildSettings = {
				ASSETCATALOG_COMPILER_APPICON_NAME = AppIcon;
				ASSETCATALOG_COMPILER_GLOBAL_ACCENT_COLOR_NAME = AccentColor;
				CODE_SIGN_STYLE = Automatic;
				CURRENT_PROJECT_VERSION = 1;
				DEVELOPMENT_TEAM = B3W95PRTT2;
				ENABLE_PREVIEWS = YES;
				GENERATE_INFOPLIST_FILE = YES;
				INFOPLIST_KEY_UIApplicationSceneManifest_Generation = YES;
				INFOPLIST_KEY_UIApplicationSupportsIndirectInputEvents = YES;
				INFOPLIST_KEY_UILaunchScreen_Generation = YES;
				INFOPLIST_KEY_UISupportedInterfaceOrientations_iPad = "UIInterfaceOrientationPortrait UIInterfaceOrientationPortraitUpsideDown UIInterfaceOrientationLandscapeLeft UIInterfaceOrientationLandscapeRight";
				INFOPLIST_KEY_UISupportedInterfaceOrientations_iPhone = "UIInterfaceOrientationPortrait UIInterfaceOrientationLandscapeLeft UIInterfaceOrientationLandscapeRight";
				IPHONEOS_DEPLOYMENT_TARGET = 15.6;
				LD_RUNPATH_SEARCH_PATHS = (
					"$(inherited)",
					"@executable_path/Frameworks",
				);
				MARKETING_VERSION = 1.0;
				PRODUCT_BUNDLE_IDENTIFIER = MyApp.MyConsumerApp;
				PRODUCT_NAME = "$(TARGET_NAME)";
				SWIFT_EMIT_LOC_STRINGS = YES;
				SWIFT_VERSION = 5.0;
				TARGETED_DEVICE_FAMILY = "1,2";
			};
			name = Debug;
		};
		039BBA7A2E02A237003610BA /* Release */ = {
			isa = XCBuildConfiguration;
			buildSettings = {
				ASSETCATALOG_COMPILER_APPICON_NAME = AppIcon;
				ASSETCATALOG_COMPILER_GLOBAL_ACCENT_COLOR_NAME = AccentColor;
				CODE_SIGN_STYLE = Automatic;
				CURRENT_PROJECT_VERSION = 1;
				DEVELOPMENT_TEAM = B3W95PRTT2;
				ENABLE_PREVIEWS = YES;
				GENERATE_INFOPLIST_FILE = YES;
				INFOPLIST_KEY_UIApplicationSceneManifest_Generation = YES;
				INFOPLIST_KEY_UIApplicationSupportsIndirectInputEvents = YES;
				INFOPLIST_KEY_UILaunchScreen_Generation = YES;
				INFOPLIST_KEY_UISupportedInterfaceOrientations_iPad = "UIInterfaceOrientationPortrait UIInterfaceOrientationPortraitUpsideDown UIInterfaceOrientationLandscapeLeft UIInterfaceOrientationLandscapeRight";
				INFOPLIST_KEY_UISupportedInterfaceOrientations_iPhone = "UIInterfaceOrientationPortrait UIInterfaceOrientationLandscapeLeft UIInterfaceOrientationLandscapeRight";
				IPHONEOS_DEPLOYMENT_TARGET = 15.6;
				LD_RUNPATH_SEARCH_PATHS = (
					"$(inherited)",
					"@executable_path/Frameworks",
				);
				MARKETING_VERSION = 1.0;
				PRODUCT_BUNDLE_IDENTIFIER = MyApp.MyConsumerApp;
				PRODUCT_NAME = "$(TARGET_NAME)";
				SWIFT_EMIT_LOC_STRINGS = YES;
				SWIFT_VERSION = 5.0;
				TARGETED_DEVICE_FAMILY = "1,2";
			};
			name = Release;
		};
		039BBA7C2E02A237003610BA /* Debug */ = {
			isa = XCBuildConfiguration;
			buildSettings = {
				BUNDLE_LOADER = "$(TEST_HOST)";
				CODE_SIGN_STYLE = Automatic;
				CURRENT_PROJECT_VERSION = 1;
				GENERATE_INFOPLIST_FILE = YES;
				IPHONEOS_DEPLOYMENT_TARGET = 18.5;
				MARKETING_VERSION = 1.0;
				PRODUCT_BUNDLE_IDENTIFIER = MyApp.MyConsumerAppTests;
				PRODUCT_NAME = "$(TARGET_NAME)";
				SWIFT_EMIT_LOC_STRINGS = NO;
				SWIFT_VERSION = 5.0;
				TARGETED_DEVICE_FAMILY = "1,2";
				TEST_HOST = "$(BUILT_PRODUCTS_DIR)/MyConsumerApp.app/$(BUNDLE_EXECUTABLE_FOLDER_PATH)/MyConsumerApp";
			};
			name = Debug;
		};
		039BBA7D2E02A237003610BA /* Release */ = {
			isa = XCBuildConfiguration;
			buildSettings = {
				BUNDLE_LOADER = "$(TEST_HOST)";
				CODE_SIGN_STYLE = Automatic;
				CURRENT_PROJECT_VERSION = 1;
				GENERATE_INFOPLIST_FILE = YES;
				IPHONEOS_DEPLOYMENT_TARGET = 18.5;
				MARKETING_VERSION = 1.0;
				PRODUCT_BUNDLE_IDENTIFIER = MyApp.MyConsumerAppTests;
				PRODUCT_NAME = "$(TARGET_NAME)";
				SWIFT_EMIT_LOC_STRINGS = NO;
				SWIFT_VERSION = 5.0;
				TARGETED_DEVICE_FAMILY = "1,2";
				TEST_HOST = "$(BUILT_PRODUCTS_DIR)/MyConsumerApp.app/$(BUNDLE_EXECUTABLE_FOLDER_PATH)/MyConsumerApp";
			};
			name = Release;
		};
		039BBA7F2E02A237003610BA /* Debug */ = {
			isa = XCBuildConfiguration;
			buildSettings = {
				CODE_SIGN_STYLE = Automatic;
				CURRENT_PROJECT_VERSION = 1;
				GENERATE_INFOPLIST_FILE = YES;
				MARKETING_VERSION = 1.0;
				PRODUCT_BUNDLE_IDENTIFIER = MyApp.MyConsumerAppUITests;
				PRODUCT_NAME = "$(TARGET_NAME)";
				SWIFT_EMIT_LOC_STRINGS = NO;
				SWIFT_VERSION = 5.0;
				TARGETED_DEVICE_FAMILY = "1,2";
				TEST_TARGET_NAME = MyConsumerApp;
			};
			name = Debug;
		};
		039BBA802E02A237003610BA /* Release */ = {
			isa = XCBuildConfiguration;
			buildSettings = {
				CODE_SIGN_STYLE = Automatic;
				CURRENT_PROJECT_VERSION = 1;
				GENERATE_INFOPLIST_FILE = YES;
				MARKETING_VERSION = 1.0;
				PRODUCT_BUNDLE_IDENTIFIER = MyApp.MyConsumerAppUITests;
				PRODUCT_NAME = "$(TARGET_NAME)";
				SWIFT_EMIT_LOC_STRINGS = NO;
				SWIFT_VERSION = 5.0;
				TARGETED_DEVICE_FAMILY = "1,2";
				TEST_TARGET_NAME = MyConsumerApp;
			};
			name = Release;
		};
/* End XCBuildConfiguration section */

/* Begin XCConfigurationList section */
		039BBA522E02A235003610BA /* Build configuration list for PBXProject "MyConsumerApp" */ = {
			isa = XCConfigurationList;
			buildConfigurations = (
				039BBA762E02A237003610BA /* Debug */,
				039BBA772E02A237003610BA /* Release */,
			);
			defaultConfigurationIsVisible = 0;
			defaultConfigurationName = Release;
		};
		039BBA782E02A237003610BA /* Build configuration list for PBXNativeTarget "MyConsumerApp" */ = {
			isa = XCConfigurationList;
			buildConfigurations = (
				039BBA792E02A237003610BA /* Debug */,
				039BBA7A2E02A237003610BA /* Release */,
			);
			defaultConfigurationIsVisible = 0;
			defaultConfigurationName = Release;
		};
		039BBA7B2E02A237003610BA /* Build configuration list for PBXNativeTarget "MyConsumerAppTests" */ = {
			isa = XCConfigurationList;
			buildConfigurations = (
				039BBA7C2E02A237003610BA /* Debug */,
				039BBA7D2E02A237003610BA /* Release */,
			);
			defaultConfigurationIsVisible = 0;
			defaultConfigurationName = Release;
		};
		039BBA7E2E02A237003610BA /* Build configuration list for PBXNativeTarget "MyConsumerAppUITests" */ = {
			isa = XCConfigurationList;
			buildConfigurations = (
				039BBA7F2E02A237003610BA /* Debug */,
				039BBA802E02A237003610BA /* Release */,
			);
			defaultConfigurationIsVisible = 0;
			defaultConfigurationName = Release;
		};
/* End XCConfigurationList section */
	};
	rootObject = 039BBA4F2E02A235003610BA /* Project object */;
}
